<?xml version="1.0" encoding="UTF-8" standalone="yes" ?>
<CodeBlocks_project_file>
	<FileVersion major="1" minor="6" />
	<Project>
		<Option title="Escape-Room" />
		<Option pch_mode="2" />
		<Option compiler="gcc" />
		<Build>
			<Target title="Debug">
				<Option output="bin/Debug/Escape-Room" prefix_auto="1" extension_auto="1" />
				<Option object_output="obj/Debug/" />
				<Option type="1" />
				<Option compiler="gcc" />
				<Compiler>
					<Add option="-g" />
				</Compiler>
			</Target>
			<Target title="Release">
				<Option output="bin/Release/Escape-Room" prefix_auto="1" extension_auto="1" />
				<Option object_output="obj/Release/" />
				<Option type="1" />
				<Option compiler="gcc" />
				<Compiler>
					<Add option="-O2" />
				</Compiler>
				<Linker>
					<Add option="-s" />
				</Linker>
			</Target>
		</Build>
		<Compiler>
			<Add option="-Wall" />
		</Compiler>
		<Unit filename="configuracion.c">
			<Option compilerVar="CC" />
		</Unit>
		<Unit filename="configuracion.h" />
		<Unit filename="data/conexiones.txt" />
		<Unit filename="data/jugadores.txt" />
		<Unit filename="data/objetos.txt" />
		<Unit filename="data/partida.txt" />
		<Unit filename="data/puzles.txt" />
		<Unit filename="data/salas.txt" />
		<Unit filename="ficheros.c">
			<Option compilerVar="CC" />
		</Unit>
		<Unit filename="ficheros.h" />
		<Unit filename="juego.c">
			<Option compilerVar="CC" />
		</Unit>
		<Unit filename="juego.h" />
		<Unit filename="main.c">
			<Option compilerVar="CC" />
		</Unit>
		<Unit filename="main.h" />
		<Unit filename="puzles.c">
			<Option compilerVar="CC" />
		</Unit>
		<Unit filename="puzles.h" />
		<Extensions>
			<lib_finder disable_auto="1" />
		</Extensions>
	</Project>
</CodeBlocks_project_file>
